// !$*UTF8*$!
{
	archiveVersion = 1;
	classes = {
	};
	objectVersion = 46;
	objects = {

/* Begin PBXBuildFile section */
		EE0175551AEB620D0007EA3B /* AppDelegate.swift in Sources */ = {isa = PBXBuildFile; fileRef = EE0175541AEB620D0007EA3B /* AppDelegate.swift */; };
		EE0175571AEB620D0007EA3B /* ResumeCardViewController.swift in Sources */ = {isa = PBXBuildFile; fileRef = EE0175561AEB620D0007EA3B /* ResumeCardViewController.swift */; };
		EE01755C1AEB620D0007EA3B /* Images.xcassets in Resources */ = {isa = PBXBuildFile; fileRef = EE01755B1AEB620D0007EA3B /* Images.xcassets */; };
		EE01755F1AEB620D0007EA3B /* LaunchScreen.xib in Resources */ = {isa = PBXBuildFile; fileRef = EE01755D1AEB620D0007EA3B /* LaunchScreen.xib */; };
		EE01756B1AEB620E0007EA3B /* Harshita_GuptaTests.swift in Sources */ = {isa = PBXBuildFile; fileRef = EE01756A1AEB620E0007EA3B /* Harshita_GuptaTests.swift */; };
		EE0175841AEBE1A70007EA3B /* ResumeMaterial.swift in Sources */ = {isa = PBXBuildFile; fileRef = EE0175831AEBE1A70007EA3B /* ResumeMaterial.swift */; };
		EE0175861AEC0DE50007EA3B /* Singleton.swift in Sources */ = {isa = PBXBuildFile; fileRef = EE0175851AEC0DE50007EA3B /* Singleton.swift */; };
		EE0175881AEC0F5C0007EA3B /* ResumeCategory.swift in Sources */ = {isa = PBXBuildFile; fileRef = EE0175871AEC0F5C0007EA3B /* ResumeCategory.swift */; };
		EE0175981AEC14890007EA3B /* TGLExposedLayout.m in Sources */ = {isa = PBXBuildFile; fileRef = EE0175931AEC14890007EA3B /* TGLExposedLayout.m */; };
		EE0175991AEC14890007EA3B /* TGLStackedLayout.m in Sources */ = {isa = PBXBuildFile; fileRef = EE0175951AEC14890007EA3B /* TGLStackedLayout.m */; };
		EE01759A1AEC14890007EA3B /* TGLStackedViewController.m in Sources */ = {isa = PBXBuildFile; fileRef = EE0175971AEC14890007EA3B /* TGLStackedViewController.m */; };
		EE0175A01AEC16580007EA3B /* UIColorExtension.swift in Sources */ = {isa = PBXBuildFile; fileRef = EE01759F1AEC16580007EA3B /* UIColorExtension.swift */; };
		EE0175A21AEC17740007EA3B /* ResumeItem.swift in Sources */ = {isa = PBXBuildFile; fileRef = EE0175A11AEC17740007EA3B /* ResumeItem.swift */; };
		EE0175A41AEC18870007EA3B /* ResumeItemDetail.swift in Sources */ = {isa = PBXBuildFile; fileRef = EE0175A31AEC18870007EA3B /* ResumeItemDetail.swift */; };
		EE0175A91AEC1C8F0007EA3B /* FLAnimatedImage.m in Sources */ = {isa = PBXBuildFile; fileRef = EE0175A61AEC1C8F0007EA3B /* FLAnimatedImage.m */; };
		EE0175AA1AEC1C8F0007EA3B /* FLAnimatedImageView.m in Sources */ = {isa = PBXBuildFile; fileRef = EE0175A81AEC1C8F0007EA3B /* FLAnimatedImageView.m */; };
		EE0175AD1AEC3A2B0007EA3B /* ResumeCardCell.swift in Sources */ = {isa = PBXBuildFile; fileRef = EE0175AC1AEC3A2B0007EA3B /* ResumeCardCell.swift */; };
		EEFC8C421AED686F00A29778 /* ResumeItemDetailViewController.swift in Sources */ = {isa = PBXBuildFile; fileRef = EEFC8C411AED686F00A29778 /* ResumeItemDetailViewController.swift */; };
		EEFC8C441AED68C600A29778 /* ResumeItemDetailView.xib in Resources */ = {isa = PBXBuildFile; fileRef = EEFC8C431AED68C600A29778 /* ResumeItemDetailView.xib */; };
		EEFD23171AED2860005EBB78 /* PassbookLayout.swift in Sources */ = {isa = PBXBuildFile; fileRef = EEFD23161AED2860005EBB78 /* PassbookLayout.swift */; };
		EEFD231B1AED28BE005EBB78 /* ResumeCardCell.xib in Resources */ = {isa = PBXBuildFile; fileRef = EEFD231A1AED28BE005EBB78 /* ResumeCardCell.xib */; };
		EEFD23201AED31B3005EBB78 /* Main.storyboard in Resources */ = {isa = PBXBuildFile; fileRef = EEFD231E1AED31B3005EBB78 /* Main.storyboard */; };
/* End PBXBuildFile section */

/* Begin PBXContainerItemProxy section */
		EE0175651AEB620E0007EA3B /* PBXContainerItemProxy */ = {
			isa = PBXContainerItemProxy;
			containerPortal = EE0175471AEB620D0007EA3B /* Project object */;
			proxyType = 1;
			remoteGlobalIDString = EE01754E1AEB620D0007EA3B;
			remoteInfo = "Harshita Gupta";
		};
/* End PBXContainerItemProxy section */

/* Begin PBXFileReference section */
		EE01754F1AEB620D0007EA3B /* Harshita Gupta.app */ = {isa = PBXFileReference; explicitFileType = wrapper.application; includeInIndex = 0; path = "Harshita Gupta.app"; sourceTree = BUILT_PRODUCTS_DIR; };
		EE0175531AEB620D0007EA3B /* Info.plist */ = {isa = PBXFileReference; lastKnownFileType = text.plist.xml; path = Info.plist; sourceTree = "<group>"; };
		EE0175541AEB620D0007EA3B /* AppDelegate.swift */ = {isa = PBXFileReference; lastKnownFileType = sourcecode.swift; path = AppDelegate.swift; sourceTree = "<group>"; };
		EE0175561AEB620D0007EA3B /* ResumeCardViewController.swift */ = {isa = PBXFileReference; lastKnownFileType = sourcecode.swift; path = ResumeCardViewController.swift; sourceTree = "<group>"; };
		EE01755B1AEB620D0007EA3B /* Images.xcassets */ = {isa = PBXFileReference; lastKnownFileType = folder.assetcatalog; path = Images.xcassets; sourceTree = "<group>"; };
		EE01755E1AEB620D0007EA3B /* Base */ = {isa = PBXFileReference; lastKnownFileType = file.xib; name = Base; path = Base.lproj/LaunchScreen.xib; sourceTree = "<group>"; };
		EE0175641AEB620E0007EA3B /* Harshita GuptaTests.xctest */ = {isa = PBXFileReference; explicitFileType = wrapper.cfbundle; includeInIndex = 0; path = "Harshita GuptaTests.xctest"; sourceTree = BUILT_PRODUCTS_DIR; };
		EE0175691AEB620E0007EA3B /* Info.plist */ = {isa = PBXFileReference; lastKnownFileType = text.plist.xml; path = Info.plist; sourceTree = "<group>"; };
		EE01756A1AEB620E0007EA3B /* Harshita_GuptaTests.swift */ = {isa = PBXFileReference; lastKnownFileType = sourcecode.swift; path = Harshita_GuptaTests.swift; sourceTree = "<group>"; };
		EE0175831AEBE1A70007EA3B /* ResumeMaterial.swift */ = {isa = PBXFileReference; fileEncoding = 4; lastKnownFileType = sourcecode.swift; path = ResumeMaterial.swift; sourceTree = "<group>"; };
		EE0175851AEC0DE50007EA3B /* Singleton.swift */ = {isa = PBXFileReference; fileEncoding = 4; lastKnownFileType = sourcecode.swift; path = Singleton.swift; sourceTree = "<group>"; };
		EE0175871AEC0F5C0007EA3B /* ResumeCategory.swift */ = {isa = PBXFileReference; fileEncoding = 4; lastKnownFileType = sourcecode.swift; path = ResumeCategory.swift; sourceTree = "<group>"; };
		EE0175921AEC14890007EA3B /* TGLExposedLayout.h */ = {isa = PBXFileReference; fileEncoding = 4; lastKnownFileType = sourcecode.c.h; path = TGLExposedLayout.h; sourceTree = "<group>"; };
		EE0175931AEC14890007EA3B /* TGLExposedLayout.m */ = {isa = PBXFileReference; fileEncoding = 4; lastKnownFileType = sourcecode.c.objc; path = TGLExposedLayout.m; sourceTree = "<group>"; };
		EE0175941AEC14890007EA3B /* TGLStackedLayout.h */ = {isa = PBXFileReference; fileEncoding = 4; lastKnownFileType = sourcecode.c.h; path = TGLStackedLayout.h; sourceTree = "<group>"; };
		EE0175951AEC14890007EA3B /* TGLStackedLayout.m */ = {isa = PBXFileReference; fileEncoding = 4; lastKnownFileType = sourcecode.c.objc; path = TGLStackedLayout.m; sourceTree = "<group>"; };
		EE0175961AEC14890007EA3B /* TGLStackedViewController.h */ = {isa = PBXFileReference; fileEncoding = 4; lastKnownFileType = sourcecode.c.h; path = TGLStackedViewController.h; sourceTree = "<group>"; };
		EE0175971AEC14890007EA3B /* TGLStackedViewController.m */ = {isa = PBXFileReference; fileEncoding = 4; lastKnownFileType = sourcecode.c.objc; path = TGLStackedViewController.m; sourceTree = "<group>"; };
		EE01759C1AEC157B0007EA3B /* Harshita Gupta-Bridging-Header.h */ = {isa = PBXFileReference; lastKnownFileType = sourcecode.c.h; path = "Harshita Gupta-Bridging-Header.h"; sourceTree = "<group>"; };
		EE01759F1AEC16580007EA3B /* UIColorExtension.swift */ = {isa = PBXFileReference; fileEncoding = 4; lastKnownFileType = sourcecode.swift; path = UIColorExtension.swift; sourceTree = "<group>"; };
		EE0175A11AEC17740007EA3B /* ResumeItem.swift */ = {isa = PBXFileReference; fileEncoding = 4; lastKnownFileType = sourcecode.swift; path = ResumeItem.swift; sourceTree = "<group>"; };
		EE0175A31AEC18870007EA3B /* ResumeItemDetail.swift */ = {isa = PBXFileReference; fileEncoding = 4; lastKnownFileType = sourcecode.swift; path = ResumeItemDetail.swift; sourceTree = "<group>"; };
		EE0175A51AEC1C8F0007EA3B /* FLAnimatedImage.h */ = {isa = PBXFileReference; fileEncoding = 4; lastKnownFileType = sourcecode.c.h; path = FLAnimatedImage.h; sourceTree = "<group>"; };
		EE0175A61AEC1C8F0007EA3B /* FLAnimatedImage.m */ = {isa = PBXFileReference; fileEncoding = 4; lastKnownFileType = sourcecode.c.objc; path = FLAnimatedImage.m; sourceTree = "<group>"; };
		EE0175A71AEC1C8F0007EA3B /* FLAnimatedImageView.h */ = {isa = PBXFileReference; fileEncoding = 4; lastKnownFileType = sourcecode.c.h; path = FLAnimatedImageView.h; sourceTree = "<group>"; };
		EE0175A81AEC1C8F0007EA3B /* FLAnimatedImageView.m */ = {isa = PBXFileReference; fileEncoding = 4; lastKnownFileType = sourcecode.c.objc; path = FLAnimatedImageView.m; sourceTree = "<group>"; };
		EE0175AC1AEC3A2B0007EA3B /* ResumeCardCell.swift */ = {isa = PBXFileReference; fileEncoding = 4; lastKnownFileType = sourcecode.swift; path = ResumeCardCell.swift; sourceTree = "<group>"; };
		EEFC8C411AED686F00A29778 /* ResumeItemDetailViewController.swift */ = {isa = PBXFileReference; fileEncoding = 4; lastKnownFileType = sourcecode.swift; path = ResumeItemDetailViewController.swift; sourceTree = "<group>"; };
		EEFC8C431AED68C600A29778 /* ResumeItemDetailView.xib */ = {isa = PBXFileReference; fileEncoding = 4; lastKnownFileType = file.xib; path = ResumeItemDetailView.xib; sourceTree = "<group>"; };
		EEFC8C451AED913B00A29778 /* SEGOEUI.TTF */ = {isa = PBXFileReference; lastKnownFileType = file; path = SEGOEUI.TTF; sourceTree = "<group>"; };
		EEFC8C461AED913B00A29778 /* SEGOEUIB.TTF */ = {isa = PBXFileReference; lastKnownFileType = file; path = SEGOEUIB.TTF; sourceTree = "<group>"; };
		EEFC8C471AED913B00A29778 /* SEGOEUII.TTF */ = {isa = PBXFileReference; lastKnownFileType = file; path = SEGOEUII.TTF; sourceTree = "<group>"; };
		EEFC8C481AED913B00A29778 /* SEGOEUIL.TTF */ = {isa = PBXFileReference; lastKnownFileType = file; path = SEGOEUIL.TTF; sourceTree = "<group>"; };
		EEFC8C491AED913B00A29778 /* SEGOEUISL.TTF */ = {isa = PBXFileReference; lastKnownFileType = file; path = SEGOEUISL.TTF; sourceTree = "<group>"; };
		EEFC8C4A1AED913B00A29778 /* SEGOEUIZ.TTF */ = {isa = PBXFileReference; lastKnownFileType = file; path = SEGOEUIZ.TTF; sourceTree = "<group>"; };
		EEFC8C4B1AED913B00A29778 /* SEGUIBL.TTF */ = {isa = PBXFileReference; lastKnownFileType = file; path = SEGUIBL.TTF; sourceTree = "<group>"; };
		EEFC8C4C1AED913B00A29778 /* SEGUIBLI.TTF */ = {isa = PBXFileReference; lastKnownFileType = file; path = SEGUIBLI.TTF; sourceTree = "<group>"; };
		EEFC8C4D1AED913B00A29778 /* SEGUILI.TTF */ = {isa = PBXFileReference; lastKnownFileType = file; path = SEGUILI.TTF; sourceTree = "<group>"; };
		EEFC8C4E1AED913B00A29778 /* SEGUISB.TTF */ = {isa = PBXFileReference; lastKnownFileType = file; path = SEGUISB.TTF; sourceTree = "<group>"; };
		EEFC8C4F1AED913B00A29778 /* SEGUISBI.TTF */ = {isa = PBXFileReference; lastKnownFileType = file; path = SEGUISBI.TTF; sourceTree = "<group>"; };
		EEFC8C501AED913B00A29778 /* SEGUISLI.TTF */ = {isa = PBXFileReference; lastKnownFileType = file; path = SEGUISLI.TTF; sourceTree = "<group>"; };
		EEFD23161AED2860005EBB78 /* PassbookLayout.swift */ = {isa = PBXFileReference; fileEncoding = 4; lastKnownFileType = sourcecode.swift; path = PassbookLayout.swift; sourceTree = "<group>"; };
		EEFD231A1AED28BE005EBB78 /* ResumeCardCell.xib */ = {isa = PBXFileReference; fileEncoding = 4; lastKnownFileType = file.xib; path = ResumeCardCell.xib; sourceTree = "<group>"; };
		EEFD231F1AED31B3005EBB78 /* Base */ = {isa = PBXFileReference; lastKnownFileType = file.storyboard; name = Base; path = Base.lproj/Main.storyboard; sourceTree = "<group>"; };
/* End PBXFileReference section */

/* Begin PBXFrameworksBuildPhase section */
		EE01754C1AEB620D0007EA3B /* Frameworks */ = {
			isa = PBXFrameworksBuildPhase;
			buildActionMask = 2147483647;
			files = (
			);
			runOnlyForDeploymentPostprocessing = 0;
		};
		EE0175611AEB620E0007EA3B /* Frameworks */ = {
			isa = PBXFrameworksBuildPhase;
			buildActionMask = 2147483647;
			files = (
			);
			runOnlyForDeploymentPostprocessing = 0;
		};
/* End PBXFrameworksBuildPhase section */

/* Begin PBXGroup section */
		EE0175461AEB620D0007EA3B = {
			isa = PBXGroup;
			children = (
				EEFC8C511AED914200A29778 /* Fonts */,
				EE01759D1AEC162E0007EA3B /* External */,
				EE0175851AEC0DE50007EA3B /* Singleton.swift */,
				EE0175821AEBE1740007EA3B /* Resume Material */,
				EE0175511AEB620D0007EA3B /* Harshita Gupta */,
				EE0175671AEB620E0007EA3B /* Harshita GuptaTests */,
				EE0175501AEB620D0007EA3B /* Products */,
			);
			sourceTree = "<group>";
		};
		EE0175501AEB620D0007EA3B /* Products */ = {
			isa = PBXGroup;
			children = (
				EE01754F1AEB620D0007EA3B /* Harshita Gupta.app */,
				EE0175641AEB620E0007EA3B /* Harshita GuptaTests.xctest */,
			);
			name = Products;
			sourceTree = "<group>";
		};
		EE0175511AEB620D0007EA3B /* Harshita Gupta */ = {
			isa = PBXGroup;
			children = (
				EE0175541AEB620D0007EA3B /* AppDelegate.swift */,
				EEFD231E1AED31B3005EBB78 /* Main.storyboard */,
				EE0175561AEB620D0007EA3B /* ResumeCardViewController.swift */,
				EEFD231A1AED28BE005EBB78 /* ResumeCardCell.xib */,
				EE0175AC1AEC3A2B0007EA3B /* ResumeCardCell.swift */,
				EEFC8C431AED68C600A29778 /* ResumeItemDetailView.xib */,
				EEFC8C411AED686F00A29778 /* ResumeItemDetailViewController.swift */,
				EE01755B1AEB620D0007EA3B /* Images.xcassets */,
				EE01755D1AEB620D0007EA3B /* LaunchScreen.xib */,
				EE0175521AEB620D0007EA3B /* Supporting Files */,
			);
			path = "Harshita Gupta";
			sourceTree = "<group>";
		};
		EE0175521AEB620D0007EA3B /* Supporting Files */ = {
			isa = PBXGroup;
			children = (
				EE0175531AEB620D0007EA3B /* Info.plist */,
			);
			name = "Supporting Files";
			sourceTree = "<group>";
		};
		EE0175671AEB620E0007EA3B /* Harshita GuptaTests */ = {
			isa = PBXGroup;
			children = (
				EE01756A1AEB620E0007EA3B /* Harshita_GuptaTests.swift */,
				EE0175681AEB620E0007EA3B /* Supporting Files */,
			);
			path = "Harshita GuptaTests";
			sourceTree = "<group>";
		};
		EE0175681AEB620E0007EA3B /* Supporting Files */ = {
			isa = PBXGroup;
			children = (
				EE0175691AEB620E0007EA3B /* Info.plist */,
			);
			name = "Supporting Files";
			sourceTree = "<group>";
		};
		EE0175821AEBE1740007EA3B /* Resume Material */ = {
			isa = PBXGroup;
			children = (
				EE0175831AEBE1A70007EA3B /* ResumeMaterial.swift */,
				EE0175A11AEC17740007EA3B /* ResumeItem.swift */,
				EE0175A31AEC18870007EA3B /* ResumeItemDetail.swift */,
				EE0175871AEC0F5C0007EA3B /* ResumeCategory.swift */,
			);
			name = "Resume Material";
			sourceTree = "<group>";
		};
		EE01759D1AEC162E0007EA3B /* External */ = {
			isa = PBXGroup;
			children = (
				EEFD23151AED2841005EBB78 /* PassbookLayout */,
				EE01759C1AEC157B0007EA3B /* Harshita Gupta-Bridging-Header.h */,
				EE01759F1AEC16580007EA3B /* UIColorExtension.swift */,
				EE0175AB1AEC1C930007EA3B /* FLAnimatedImage */,
				EE01759E1AEC16350007EA3B /* TGLStackedViewController- defunct, replaced with PassbookLayout */,
			);
			name = External;
			sourceTree = "<group>";
		};
		EE01759E1AEC16350007EA3B /* TGLStackedViewController- defunct, replaced with PassbookLayout */ = {
			isa = PBXGroup;
			children = (
				EE0175921AEC14890007EA3B /* TGLExposedLayout.h */,
				EE0175931AEC14890007EA3B /* TGLExposedLayout.m */,
				EE0175941AEC14890007EA3B /* TGLStackedLayout.h */,
				EE0175951AEC14890007EA3B /* TGLStackedLayout.m */,
				EE0175961AEC14890007EA3B /* TGLStackedViewController.h */,
				EE0175971AEC14890007EA3B /* TGLStackedViewController.m */,
			);
			name = "TGLStackedViewController- defunct, replaced with PassbookLayout";
			sourceTree = "<group>";
		};
		EE0175AB1AEC1C930007EA3B /* FLAnimatedImage */ = {
			isa = PBXGroup;
			children = (
				EE0175A51AEC1C8F0007EA3B /* FLAnimatedImage.h */,
				EE0175A61AEC1C8F0007EA3B /* FLAnimatedImage.m */,
				EE0175A71AEC1C8F0007EA3B /* FLAnimatedImageView.h */,
				EE0175A81AEC1C8F0007EA3B /* FLAnimatedImageView.m */,
			);
			name = FLAnimatedImage;
			sourceTree = "<group>";
		};
		EEFC8C511AED914200A29778 /* Fonts */ = {
			isa = PBXGroup;
			children = (
				EEFC8C451AED913B00A29778 /* SEGOEUI.TTF */,
				EEFC8C461AED913B00A29778 /* SEGOEUIB.TTF */,
				EEFC8C471AED913B00A29778 /* SEGOEUII.TTF */,
				EEFC8C481AED913B00A29778 /* SEGOEUIL.TTF */,
				EEFC8C491AED913B00A29778 /* SEGOEUISL.TTF */,
				EEFC8C4A1AED913B00A29778 /* SEGOEUIZ.TTF */,
				EEFC8C4B1AED913B00A29778 /* SEGUIBL.TTF */,
				EEFC8C4C1AED913B00A29778 /* SEGUIBLI.TTF */,
				EEFC8C4D1AED913B00A29778 /* SEGUILI.TTF */,
				EEFC8C4E1AED913B00A29778 /* SEGUISB.TTF */,
				EEFC8C4F1AED913B00A29778 /* SEGUISBI.TTF */,
				EEFC8C501AED913B00A29778 /* SEGUISLI.TTF */,
			);
			name = Fonts;
			sourceTree = "<group>";
		};
		EEFD23151AED2841005EBB78 /* PassbookLayout */ = {
			isa = PBXGroup;
			children = (
				EEFD23161AED2860005EBB78 /* PassbookLayout.swift */,
			);
			name = PassbookLayout;
			sourceTree = "<group>";
		};
/* End PBXGroup section */

/* Begin PBXNativeTarget section */
		EE01754E1AEB620D0007EA3B /* Harshita Gupta */ = {
			isa = PBXNativeTarget;
			buildConfigurationList = EE01756E1AEB620E0007EA3B /* Build configuration list for PBXNativeTarget "Harshita Gupta" */;
			buildPhases = (
				EE01754B1AEB620D0007EA3B /* Sources */,
				EE01754C1AEB620D0007EA3B /* Frameworks */,
				EE01754D1AEB620D0007EA3B /* Resources */,
			);
			buildRules = (
			);
			dependencies = (
			);
			name = "Harshita Gupta";
			productName = "Harshita Gupta";
			productReference = EE01754F1AEB620D0007EA3B /* Harshita Gupta.app */;
			productType = "com.apple.product-type.application";
		};
		EE0175631AEB620E0007EA3B /* Harshita GuptaTests */ = {
			isa = PBXNativeTarget;
			buildConfigurationList = EE0175711AEB620E0007EA3B /* Build configuration list for PBXNativeTarget "Harshita GuptaTests" */;
			buildPhases = (
				EE0175601AEB620E0007EA3B /* Sources */,
				EE0175611AEB620E0007EA3B /* Frameworks */,
				EE0175621AEB620E0007EA3B /* Resources */,
			);
			buildRules = (
			);
			dependencies = (
				EE0175661AEB620E0007EA3B /* PBXTargetDependency */,
			);
			name = "Harshita GuptaTests";
			productName = "Harshita GuptaTests";
			productReference = EE0175641AEB620E0007EA3B /* Harshita GuptaTests.xctest */;
			productType = "com.apple.product-type.bundle.unit-test";
		};
/* End PBXNativeTarget section */

/* Begin PBXProject section */
		EE0175471AEB620D0007EA3B /* Project object */ = {
			isa = PBXProject;
			attributes = {
				LastUpgradeCheck = 0630;
				ORGANIZATIONNAME = "Harshita Gupta";
				TargetAttributes = {
					EE01754E1AEB620D0007EA3B = {
						CreatedOnToolsVersion = 6.3;
					};
					EE0175631AEB620E0007EA3B = {
						CreatedOnToolsVersion = 6.3;
						TestTargetID = EE01754E1AEB620D0007EA3B;
					};
				};
			};
			buildConfigurationList = EE01754A1AEB620D0007EA3B /* Build configuration list for PBXProject "Harshita Gupta" */;
			compatibilityVersion = "Xcode 3.2";
			developmentRegion = English;
			hasScannedForEncodings = 0;
			knownRegions = (
				en,
				Base,
			);
			mainGroup = EE0175461AEB620D0007EA3B;
			productRefGroup = EE0175501AEB620D0007EA3B /* Products */;
			projectDirPath = "";
			projectRoot = "";
			targets = (
				EE01754E1AEB620D0007EA3B /* Harshita Gupta */,
				EE0175631AEB620E0007EA3B /* Harshita GuptaTests */,
			);
		};
/* End PBXProject section */

/* Begin PBXResourcesBuildPhase section */
		EE01754D1AEB620D0007EA3B /* Resources */ = {
			isa = PBXResourcesBuildPhase;
			buildActionMask = 2147483647;
			files = (
				EE01755F1AEB620D0007EA3B /* LaunchScreen.xib in Resources */,
				EEFC8C441AED68C600A29778 /* ResumeItemDetailView.xib in Resources */,
				EE01755C1AEB620D0007EA3B /* Images.xcassets in Resources */,
				EEFD231B1AED28BE005EBB78 /* ResumeCardCell.xib in Resources */,
				EEFD23201AED31B3005EBB78 /* Main.storyboard in Resources */,
			);
			runOnlyForDeploymentPostprocessing = 0;
		};
		EE0175621AEB620E0007EA3B /* Resources */ = {
			isa = PBXResourcesBuildPhase;
			buildActionMask = 2147483647;
			files = (
			);
			runOnlyForDeploymentPostprocessing = 0;
		};
/* End PBXResourcesBuildPhase section */

/* Begin PBXSourcesBuildPhase section */
		EE01754B1AEB620D0007EA3B /* Sources */ = {
			isa = PBXSourcesBuildPhase;
			buildActionMask = 2147483647;
			files = (
				EEFD23171AED2860005EBB78 /* PassbookLayout.swift in Sources */,
				EEFC8C421AED686F00A29778 /* ResumeItemDetailViewController.swift in Sources */,
				EE0175571AEB620D0007EA3B /* ResumeCardViewController.swift in Sources */,
				EE0175551AEB620D0007EA3B /* AppDelegate.swift in Sources */,
				EE01759A1AEC14890007EA3B /* TGLStackedViewController.m in Sources */,
				EE0175A21AEC17740007EA3B /* ResumeItem.swift in Sources */,
				EE0175981AEC14890007EA3B /* TGLExposedLayout.m in Sources */,
				EE0175991AEC14890007EA3B /* TGLStackedLayout.m in Sources */,
				EE0175A01AEC16580007EA3B /* UIColorExtension.swift in Sources */,
				EE0175A41AEC18870007EA3B /* ResumeItemDetail.swift in Sources */,
				EE0175AD1AEC3A2B0007EA3B /* ResumeCardCell.swift in Sources */,
				EE0175A91AEC1C8F0007EA3B /* FLAnimatedImage.m in Sources */,
				EE0175881AEC0F5C0007EA3B /* ResumeCategory.swift in Sources */,
				EE0175841AEBE1A70007EA3B /* ResumeMaterial.swift in Sources */,
				EE0175AA1AEC1C8F0007EA3B /* FLAnimatedImageView.m in Sources */,
				EE0175861AEC0DE50007EA3B /* Singleton.swift in Sources */,
			);
			runOnlyForDeploymentPostprocessing = 0;
		};
		EE0175601AEB620E0007EA3B /* Sources */ = {
			isa = PBXSourcesBuildPhase;
			buildActionMask = 2147483647;
			files = (
				EE01756B1AEB620E0007EA3B /* Harshita_GuptaTests.swift in Sources */,
			);
			runOnlyForDeploymentPostprocessing = 0;
		};
/* End PBXSourcesBuildPhase section */

/* Begin PBXTargetDependency section */
		EE0175661AEB620E0007EA3B /* PBXTargetDependency */ = {
			isa = PBXTargetDependency;
			target = EE01754E1AEB620D0007EA3B /* Harshita Gupta */;
			targetProxy = EE0175651AEB620E0007EA3B /* PBXContainerItemProxy */;
		};
/* End PBXTargetDependency section */

/* Begin PBXVariantGroup section */
		EE01755D1AEB620D0007EA3B /* LaunchScreen.xib */ = {
			isa = PBXVariantGroup;
			children = (
				EE01755E1AEB620D0007EA3B /* Base */,
			);
			name = LaunchScreen.xib;
			sourceTree = "<group>";
		};
		EEFD231E1AED31B3005EBB78 /* Main.storyboard */ = {
			isa = PBXVariantGroup;
			children = (
				EEFD231F1AED31B3005EBB78 /* Base */,
			);
			name = Main.storyboard;
			sourceTree = "<group>";
		};
/* End PBXVariantGroup section */

/* Begin XCBuildConfiguration section */
		EE01756C1AEB620E0007EA3B /* Debug */ = {
			isa = XCBuildConfiguration;
			buildSettings = {
				ALWAYS_SEARCH_USER_PATHS = NO;
				CLANG_CXX_LANGUAGE_STANDARD = "gnu++0x";
				CLANG_CXX_LIBRARY = "libc++";
				CLANG_ENABLE_MODULES = YES;
				CLANG_ENABLE_OBJC_ARC = YES;
				CLANG_WARN_BOOL_CONVERSION = YES;
				CLANG_WARN_CONSTANT_CONVERSION = YES;
				CLANG_WARN_DIRECT_OBJC_ISA_USAGE = YES_ERROR;
				CLANG_WARN_EMPTY_BODY = YES;
				CLANG_WARN_ENUM_CONVERSION = YES;
				CLANG_WARN_INT_CONVERSION = YES;
				CLANG_WARN_OBJC_ROOT_CLASS = YES_ERROR;
				CLANG_WARN_UNREACHABLE_CODE = YES;
				CLANG_WARN__DUPLICATE_METHOD_MATCH = YES;
				"CODE_SIGN_IDENTITY[sdk=iphoneos*]" = "iPhone Developer";
				COPY_PHASE_STRIP = NO;
				DEBUG_INFORMATION_FORMAT = "dwarf-with-dsym";
				ENABLE_STRICT_OBJC_MSGSEND = YES;
				GCC_C_LANGUAGE_STANDARD = gnu99;
				GCC_DYNAMIC_NO_PIC = NO;
				GCC_NO_COMMON_BLOCKS = YES;
				GCC_OPTIMIZATION_LEVEL = 0;
				GCC_PREPROCESSOR_DEFINITIONS = (
					"DEBUG=1",
					"$(inherited)",
				);
				GCC_SYMBOLS_PRIVATE_EXTERN = NO;
				GCC_WARN_64_TO_32_BIT_CONVERSION = YES;
				GCC_WARN_ABOUT_RETURN_TYPE = YES_ERROR;
				GCC_WARN_UNDECLARED_SELECTOR = YES;
				GCC_WARN_UNINITIALIZED_AUTOS = YES_AGGRESSIVE;
				GCC_WARN_UNUSED_FUNCTION = YES;
				GCC_WARN_UNUSED_VARIABLE = YES;
				IPHONEOS_DEPLOYMENT_TARGET = 8.3;
				MTL_ENABLE_DEBUG_INFO = YES;
				ONLY_ACTIVE_ARCH = YES;
				SDKROOT = iphoneos;
				SWIFT_OPTIMIZATION_LEVEL = "-Onone";
			};
			name = Debug;
		};
		EE01756D1AEB620E0007EA3B /* Release */ = {
			isa = XCBuildConfiguration;
			buildSettings = {
				ALWAYS_SEARCH_USER_PATHS = NO;
				CLANG_CXX_LANGUAGE_STANDARD = "gnu++0x";
				CLANG_CXX_LIBRARY = "libc++";
				CLANG_ENABLE_MODULES = YES;
				CLANG_ENABLE_OBJC_ARC = YES;
				CLANG_WARN_BOOL_CONVERSION = YES;
				CLANG_WARN_CONSTANT_CONVERSION = YES;
				CLANG_WARN_DIRECT_OBJC_ISA_USAGE = YES_ERROR;
				CLANG_WARN_EMPTY_BODY = YES;
				CLANG_WARN_ENUM_CONVERSION = YES;
				CLANG_WARN_INT_CONVERSION = YES;
				CLANG_WARN_OBJC_ROOT_CLASS = YES_ERROR;
				CLANG_WARN_UNREACHABLE_CODE = YES;
				CLANG_WARN__DUPLICATE_METHOD_MATCH = YES;
				"CODE_SIGN_IDENTITY[sdk=iphoneos*]" = "iPhone Developer";
				COPY_PHASE_STRIP = NO;
				DEBUG_INFORMATION_FORMAT = "dwarf-with-dsym";
				ENABLE_NS_ASSERTIONS = NO;
				ENABLE_STRICT_OBJC_MSGSEND = YES;
				GCC_C_LANGUAGE_STANDARD = gnu99;
				GCC_NO_COMMON_BLOCKS = YES;
				GCC_WARN_64_TO_32_BIT_CONVERSION = YES;
				GCC_WARN_ABOUT_RETURN_TYPE = YES_ERROR;
				GCC_WARN_UNDECLARED_SELECTOR = YES;
				GCC_WARN_UNINITIALIZED_AUTOS = YES_AGGRESSIVE;
				GCC_WARN_UNUSED_FUNCTION = YES;
				GCC_WARN_UNUSED_VARIABLE = YES;
				IPHONEOS_DEPLOYMENT_TARGET = 8.3;
				MTL_ENABLE_DEBUG_INFO = NO;
				SDKROOT = iphoneos;
				VALIDATE_PRODUCT = YES;
			};
			name = Release;
		};
		EE01756F1AEB620E0007EA3B /* Debug */ = {
			isa = XCBuildConfiguration;
			buildSettings = {
				ASSETCATALOG_COMPILER_APPICON_NAME = AppIcon;
				CLANG_ENABLE_MODULES = YES;
				INFOPLIST_FILE = "Harshita Gupta/Info.plist";
				LD_RUNPATH_SEARCH_PATHS = "$(inherited) @executable_path/Frameworks";
				PRODUCT_NAME = "$(TARGET_NAME)";
				SWIFT_OBJC_BRIDGING_HEADER = "Harshita Gupta-Bridging-Header.h";
				SWIFT_OPTIMIZATION_LEVEL = "-Onone";
			};
			name = Debug;
		};
		EE0175701AEB620E0007EA3B /* Release */ = {
			isa = XCBuildConfiguration;
			buildSettings = {
				ASSETCATALOG_COMPILER_APPICON_NAME = AppIcon;
				CLANG_ENABLE_MODULES = YES;
				INFOPLIST_FILE = "Harshita Gupta/Info.plist";
				LD_RUNPATH_SEARCH_PATHS = "$(inherited) @executable_path/Frameworks";
				PRODUCT_NAME = "$(TARGET_NAME)";
				SWIFT_OBJC_BRIDGING_HEADER = "Harshita Gupta-Bridging-Header.h";
			};
			name = Release;
		};
		EE0175721AEB620E0007EA3B /* Debug */ = {
			isa = XCBuildConfiguration;
			buildSettings = {
				BUNDLE_LOADER = "$(TEST_HOST)";
				FRAMEWORK_SEARCH_PATHS = (
					"$(SDKROOT)/Developer/Library/Frameworks",
					"$(inherited)",
				);
				GCC_PREPROCESSOR_DEFINITIONS = (
					"DEBUG=1",
					"$(inherited)",
				);
				INFOPLIST_FILE = "Harshita GuptaTests/Info.plist";
				LD_RUNPATH_SEARCH_PATHS = "$(inherited) @executable_path/Frameworks @loader_path/Frameworks";
				PRODUCT_NAME = "$(TARGET_NAME)";
				TEST_HOST = "$(BUILT_PRODUCTS_DIR)/Harshita Gupta.app/Harshita Gupta";
			};
			name = Debug;
		};
		EE0175731AEB620E0007EA3B /* Release */ = {
			isa = XCBuildConfiguration;
			buildSettings = {
				BUNDLE_LOADER = "$(TEST_HOST)";
				FRAMEWORK_SEARCH_PATHS = (
					"$(SDKROOT)/Developer/Library/Frameworks",
					"$(inherited)",
				);
				INFOPLIST_FILE = "Harshita GuptaTests/Info.plist";
				LD_RUNPATH_SEARCH_PATHS = "$(inherited) @executable_path/Frameworks @loader_path/Frameworks";
				PRODUCT_NAME = "$(TARGET_NAME)";
				TEST_HOST = "$(BUILT_PRODUCTS_DIR)/Harshita Gupta.app/Harshita Gupta";
			};
			name = Release;
		};
/* End XCBuildConfiguration section */

/* Begin XCConfigurationList section */
		EE01754A1AEB620D0007EA3B /* Build configuration list for PBXProject "Harshita Gupta" */ = {
			isa = XCConfigurationList;
			buildConfigurations = (
				EE01756C1AEB620E0007EA3B /* Debug */,
				EE01756D1AEB620E0007EA3B /* Release */,
			);
			defaultConfigurationIsVisible = 0;
			defaultConfigurationName = Release;
		};
		EE01756E1AEB620E0007EA3B /* Build configuration list for PBXNativeTarget "Harshita Gupta" */ = {
			isa = XCConfigurationList;
			buildConfigurations = (
				EE01756F1AEB620E0007EA3B /* Debug */,
				EE0175701AEB620E0007EA3B /* Release */,
			);
			defaultConfigurationIsVisible = 0;
			defaultConfigurationName = Release;
		};
		EE0175711AEB620E0007EA3B /* Build configuration list for PBXNativeTarget "Harshita GuptaTests" */ = {
			isa = XCConfigurationList;
			buildConfigurations = (
				EE0175721AEB620E0007EA3B /* Debug */,
				EE0175731AEB620E0007EA3B /* Release */,
			);
			defaultConfigurationIsVisible = 0;
			defaultConfigurationName = Release;
		};
/* End XCConfigurationList section */
	};
	rootObject = EE0175471AEB620D0007EA3B /* Project object */;
}
